
Microsoft Visual Studio Solution File, Format Version 12.00
# Visual Studio Version 17
VisualStudioVersion = 17.11.35327.3
MinimumVisualStudioVersion = 10.0.40219.1
Project("{FAE04EC0-301F-11D3-BF4B-00C04F79EFBC}") = "Exercise3_1", "Exercise3_1\Exercise3_1.csproj", "{888CF76A-5A7A-4393-862D-53FD946BDABB}"
EndProject
Global
	GlobalSection(SolutionConfigurationPlatforms) = preSolution
		Debug|Any CPU = Debug|Any CPU
		Release|Any CPU = Release|Any CPU
	EndGlobalSection
	GlobalSection(ProjectConfigurationPlatforms) = postSolution
		{888CF76A-5A7A-4393-862D-53FD946BDABB}.Debug|Any CPU.ActiveCfg = Debug|Any CPU
		{888CF76A-5A7A-4393-862D-53FD946BDABB}.Debug|Any CPU.Build.0 = Debug|Any CPU
		{888CF76A-5A7A-4393-862D-53FD946BDABB}.Release|Any CPU.ActiveCfg = Release|Any CPU
		{888CF76A-5A7A-4393-862D-53FD946BDABB}.Release|Any CPU.Build.0 = Release|Any CPU
	EndGlobalSection
	GlobalSection(SolutionProperties) = preSolution
		HideSolutionNode = FALSE
	EndGlobalSection
	GlobalSection(ExtensibilityGlobals) = postSolution
		SolutionGuid = {8554C5BF-DAA6-49B8-8684-D7544B7C9289}
	EndGlobalSection
EndGlobal
