
Microsoft Visual Studio Solution File, Format Version 12.00
# Visual Studio Version 17
VisualStudioVersion = 17.11.35327.3
MinimumVisualStudioVersion = 10.0.40219.1
Project("{FAE04EC0-301F-11D3-BF4B-00C04F79EFBC}") = "Exercise5_1", "Exercise5_1\Exercise5_1.csproj", "{9675B42A-9CA2-45AE-AFBB-753C86E6219E}"
EndProject
Global
	GlobalSection(SolutionConfigurationPlatforms) = preSolution
		Debug|Any CPU = Debug|Any CPU
		Release|Any CPU = Release|Any CPU
	EndGlobalSection
	GlobalSection(ProjectConfigurationPlatforms) = postSolution
		{9675B42A-9CA2-45AE-AFBB-753C86E6219E}.Debug|Any CPU.ActiveCfg = Debug|Any CPU
		{9675B42A-9CA2-45AE-AFBB-753C86E6219E}.Debug|Any CPU.Build.0 = Debug|Any CPU
		{9675B42A-9CA2-45AE-AFBB-753C86E6219E}.Release|Any CPU.ActiveCfg = Release|Any CPU
		{9675B42A-9CA2-45AE-AFBB-753C86E6219E}.Release|Any CPU.Build.0 = Release|Any CPU
	EndGlobalSection
	GlobalSection(SolutionProperties) = preSolution
		HideSolutionNode = FALSE
	EndGlobalSection
	GlobalSection(ExtensibilityGlobals) = postSolution
		SolutionGuid = {8F42DDCF-5FE0-469F-9D27-11869F734FBF}
	EndGlobalSection
EndGlobal
